{
  "name": "typescript-basic-nidejs-example",
  "version": "1.0.0",
  "lockfileVersion": 2,
  "requires": true,
  "packages": {
    "": {
      "name": "typescript-basic-nidejs-example",
      "version": "1.0.0",
      "dependencies": {
        "webmidi": "^3.0.23"
      },
      "devDependencies": {
        "typescript": "^4.5.4"
      }
    },
    "node_modules/@babel/runtime": {
      "version": "7.20.6",
      "resolved": "https://registry.npmjs.org/@babel/runtime/-/runtime-7.20.6.tgz",
      "integrity": "sha512-Q+8MqP7TiHMWzSfwiJwXCjyf4GYA4Dgw3emg/7xmwsdLJOZUp+nMqcOwOzzYheuM1rhDu8FSj2l0aoMygEuXuA==",
      "dependencies": {
        "regenerator-runtime": "^0.13.11"
      },
      "engines": {
        "node": ">=6.9.0"
      }
    },
    "node_modules/@types/webmidi": {
      "version": "2.0.6",
      "resolved": "https://registry.npmjs.org/@types/webmidi/-/webmidi-2.0.6.tgz",
      "integrity": "sha512-sfS0A5IryqmBrUpcGPipEPeFdpqmZzP6b6lZFxHKgz5n2Vhzh4yJ5P2TvoDUhDjqJyv0Y25ng0Qodgo2Vu08ug==",
      "optional": true
    },
    "node_modules/djipevents": {
      "version": "2.0.6",
      "resolved": "https://registry.npmjs.org/djipevents/-/djipevents-2.0.6.tgz",
      "integrity": "sha512-2vS7/OVdqocBAIVPbxhk36swE4HnjUL1muoibrkoaCaEAEAF/ww8QbYm55PqlzMp51pvD01wHr/CkZmKZdrI/g==",
      "dependencies": {
        "@babel/runtime": "^7.17.9"
      }
    },
    "node_modules/jazz-midi": {
      "version": "1.7.8",
      "resolved": "https://registry.npmjs.org/jazz-midi/-/jazz-midi-1.7.8.tgz",
      "integrity": "sha512-IPIosL+b2bQkRQLghXRgZcDg4LWT1Cn5izbnVhZSeL2L/fOyTn0MjMtcBWvwDCBoVdbLWQyKm5/mhnd1quqONQ==",
      "optional": true,
      "engines": {
        "node": ">=10.0.0"
      }
    },
    "node_modules/jzz": {
      "version": "1.5.6",
      "resolved": "https://registry.npmjs.org/jzz/-/jzz-1.5.6.tgz",
      "integrity": "sha512-hu3tax3FI95JGppNFSle063N96xEgjT0x1NZ1Qw+6e7kHTCEzrsi1QDrkq6zYiIt7rPPPR3o/hv1uCqjYDenHg==",
      "optional": true,
      "dependencies": {
        "@types/webmidi": "^2.0.6",
        "jazz-midi": "^1.7.8"
      }
    },
    "node_modules/regenerator-runtime": {
      "version": "0.13.11",
      "resolved": "https://registry.npmjs.org/regenerator-runtime/-/regenerator-runtime-0.13.11.tgz",
      "integrity": "sha512-kY1AZVr2Ra+t+piVaJ4gxaFaReZVH40AKNo7UCX6W+dEwBo/2oZJzqfuN1qLq1oL45o56cPaTXELwrTh8Fpggg=="
    },
    "node_modules/typescript": {
      "version": "4.9.4",
      "resolved": "https://registry.npmjs.org/typescript/-/typescript-4.9.4.tgz",
      "integrity": "sha512-Uz+dTXYzxXXbsFpM86Wh3dKCxrQqUcVMxwU54orwlJjOpO3ao8L7j5lH+dWfTwgCwIuM9GQ2kvVotzYJMXTBZg==",
      "dev": true,
      "bin": {
        "tsc": "bin/tsc",
        "tsserver": "bin/tsserver"
      },
      "engines": {
        "node": ">=4.2.0"
      }
    },
    "node_modules/webmidi": {
      "version": "3.0.23",
      "resolved": "https://registry.npmjs.org/webmidi/-/webmidi-3.0.23.tgz",
      "integrity": "sha512-srEDIpiqH+FIlJGMuXHf7XN4pPLvRZ6+JC++a6tTI0epfp5GR3shnLzXQa9XWf/KOpFHSO3GMrPGLvV7uPOQQQ==",
      "dependencies": {
        "djipevents": "^2.0.5"
      },
      "engines": {
        "node": ">=8.5"
      },
      "optionalDependencies": {
        "jzz": "^1.4.5"
      }
    }
  },
  "dependencies": {
    "@babel/runtime": {
      "version": "7.20.6",
      "resolved": "https://registry.npmjs.org/@babel/runtime/-/runtime-7.20.6.tgz",
      "integrity": "sha512-Q+8MqP7TiHMWzSfwiJwXCjyf4GYA4Dgw3emg/7xmwsdLJOZUp+nMqcOwOzzYheuM1rhDu8FSj2l0aoMygEuXuA==",
      "requires": {
        "regenerator-runtime": "^0.13.11"
      }
    },
    "@types/webmidi": {
      "version": "2.0.6",
      "resolved": "https://registry.npmjs.org/@types/webmidi/-/webmidi-2.0.6.tgz",
      "integrity": "sha512-sfS0A5IryqmBrUpcGPipEPeFdpqmZzP6b6lZFxHKgz5n2Vhzh4yJ5P2TvoDUhDjqJyv0Y25ng0Qodgo2Vu08ug==",
      "optional": true
    },
    "djipevents": {
      "version": "2.0.6",
      "resolved": "https://registry.npmjs.org/djipevents/-/djipevents-2.0.6.tgz",
      "integrity": "sha512-2vS7/OVdqocBAIVPbxhk36swE4HnjUL1muoibrkoaCaEAEAF/ww8QbYm55PqlzMp51pvD01wHr/CkZmKZdrI/g==",
      "requires": {
        "@babel/runtime": "^7.17.9"
      }
    },
    "jazz-midi": {
      "version": "1.7.8",
      "resolved": "https://registry.npmjs.org/jazz-midi/-/jazz-midi-1.7.8.tgz",
      "integrity": "sha512-IPIosL+b2bQkRQLghXRgZcDg4LWT1Cn5izbnVhZSeL2L/fOyTn0MjMtcBWvwDCBoVdbLWQyKm5/mhnd1quqONQ==",
      "optional": true
    },
    "jzz": {
      "version": "1.5.6",
      "resolved": "https://registry.npmjs.org/jzz/-/jzz-1.5.6.tgz",
      "integrity": "sha512-hu3tax3FI95JGppNFSle063N96xEgjT0x1NZ1Qw+6e7kHTCEzrsi1QDrkq6zYiIt7rPPPR3o/hv1uCqjYDenHg==",
      "optional": true,
      "requires": {
        "@types/webmidi": "^2.0.6",
        "jazz-midi": "^1.7.8"
      }
    },
    "regenerator-runtime": {
      "version": "0.13.11",
      "resolved": "https://registry.npmjs.org/regenerator-runtime/-/regenerator-runtime-0.13.11.tgz",
      "integrity": "sha512-kY1AZVr2Ra+t+piVaJ4gxaFaReZVH40AKNo7UCX6W+dEwBo/2oZJzqfuN1qLq1oL45o56cPaTXELwrTh8Fpggg=="
    },
    "typescript": {
      "version": "4.9.4",
      "resolved": "https://registry.npmjs.org/typescript/-/typescript-4.9.4.tgz",
      "integrity": "sha512-Uz+dTXYzxXXbsFpM86Wh3dKCxrQqUcVMxwU54orwlJjOpO3ao8L7j5lH+dWfTwgCwIuM9GQ2kvVotzYJMXTBZg==",
      "dev": true
    },
    "webmidi": {
      "version": "3.0.23",
      "resolved": "https://registry.npmjs.org/webmidi/-/webmidi-3.0.23.tgz",
      "integrity": "sha512-srEDIpiqH+FIlJGMuXHf7XN4pPLvRZ6+JC++a6tTI0epfp5GR3shnLzXQa9XWf/KOpFHSO3GMrPGLvV7uPOQQQ==",
      "requires": {
        "djipevents": "^2.0.5",
        "jzz": "^1.4.5"
      }
    }
  }
}
